
Microsoft Visual Studio Solution File, Format Version 12.00
# Visual Studio Version 16
VisualStudioVersion = 16.0.30907.101
MinimumVisualStudioVersion = 10.0.40219.1
Project("{FAE04EC0-301F-11D3-BF4B-00C04F79EFBC}") = "WiFirgb.Android", "WiFirgb\WiFirgb.Android\WiFirgb.Android.csproj", "{F72B34A0-5596-498F-B702-AB41B6910A49}"
EndProject
Project("{FAE04EC0-301F-11D3-BF4B-00C04F79EFBC}") = "WiFirgb.iOS", "WiFirgb\WiFirgb.iOS\WiFirgb.iOS.csproj", "{C0CB6006-4A8B-4B8E-B219-C6FD7E347106}"
EndProject
Project("{FAE04EC0-301F-11D3-BF4B-00C04F79EFBC}") = "WiFirgb", "WiFirgb\WiFirgb\WiFirgb.csproj", "{E1028372-4D24-4845-87E0-974DE208416F}"
EndProject
Global
	GlobalSection(SolutionConfigurationPlatforms) = preSolution
		Debug|Any CPU = Debug|Any CPU
		Debug|iPhone = Debug|iPhone
		Debug|iPhoneSimulator = Debug|iPhoneSimulator
		Release|Any CPU = Release|Any CPU
		Release|iPhone = Release|iPhone
		Release|iPhoneSimulator = Release|iPhoneSimulator
	EndGlobalSection
	GlobalSection(ProjectConfigurationPlatforms) = postSolution
		{F72B34A0-5596-498F-B702-AB41B6910A49}.Debug|Any CPU.ActiveCfg = Debug|Any CPU
		{F72B34A0-5596-498F-B702-AB41B6910A49}.Debug|Any CPU.Build.0 = Debug|Any CPU
		{F72B34A0-5596-498F-B702-AB41B6910A49}.Debug|Any CPU.Deploy.0 = Debug|Any CPU
		{F72B34A0-5596-498F-B702-AB41B6910A49}.Debug|iPhone.ActiveCfg = Debug|Any CPU
		{F72B34A0-5596-498F-B702-AB41B6910A49}.Debug|iPhone.Build.0 = Debug|Any CPU
		{F72B34A0-5596-498F-B702-AB41B6910A49}.Debug|iPhone.Deploy.0 = Debug|Any CPU
		{F72B34A0-5596-498F-B702-AB41B6910A49}.Debug|iPhoneSimulator.ActiveCfg = Debug|Any CPU
		{F72B34A0-5596-498F-B702-AB41B6910A49}.Debug|iPhoneSimulator.Build.0 = Debug|Any CPU
		{F72B34A0-5596-498F-B702-AB41B6910A49}.Debug|iPhoneSimulator.Deploy.0 = Debug|Any CPU
		{F72B34A0-5596-498F-B702-AB41B6910A49}.Release|Any CPU.ActiveCfg = Release|Any CPU
		{F72B34A0-5596-498F-B702-AB41B6910A49}.Release|Any CPU.Build.0 = Release|Any CPU
		{F72B34A0-5596-498F-B702-AB41B6910A49}.Release|Any CPU.Deploy.0 = Release|Any CPU
		{F72B34A0-5596-498F-B702-AB41B6910A49}.Release|iPhone.ActiveCfg = Release|Any CPU
		{F72B34A0-5596-498F-B702-AB41B6910A49}.Release|iPhone.Build.0 = Release|Any CPU
		{F72B34A0-5596-498F-B702-AB41B6910A49}.Release|iPhone.Deploy.0 = Release|Any CPU
		{F72B34A0-5596-498F-B702-AB41B6910A49}.Release|iPhoneSimulator.ActiveCfg = Release|Any CPU
		{F72B34A0-5596-498F-B702-AB41B6910A49}.Release|iPhoneSimulator.Build.0 = Release|Any CPU
		{F72B34A0-5596-498F-B702-AB41B6910A49}.Release|iPhoneSimulator.Deploy.0 = Release|Any CPU
		{C0CB6006-4A8B-4B8E-B219-C6FD7E347106}.Debug|Any CPU.ActiveCfg = Debug|iPhone
		{C0CB6006-4A8B-4B8E-B219-C6FD7E347106}.Debug|Any CPU.Build.0 = Debug|iPhone
		{C0CB6006-4A8B-4B8E-B219-C6FD7E347106}.Debug|Any CPU.Deploy.0 = Debug|iPhone
		{C0CB6006-4A8B-4B8E-B219-C6FD7E347106}.Debug|iPhone.ActiveCfg = Debug|iPhone
		{C0CB6006-4A8B-4B8E-B219-C6FD7E347106}.Debug|iPhone.Build.0 = Debug|iPhone
		{C0CB6006-4A8B-4B8E-B219-C6FD7E347106}.Debug|iPhone.Deploy.0 = Debug|iPhone
		{C0CB6006-4A8B-4B8E-B219-C6FD7E347106}.Debug|iPhoneSimulator.ActiveCfg = Debug|iPhoneSimulator
		{C0CB6006-4A8B-4B8E-B219-C6FD7E347106}.Debug|iPhoneSimulator.Build.0 = Debug|iPhoneSimulator
		{C0CB6006-4A8B-4B8E-B219-C6FD7E347106}.Debug|iPhoneSimulator.Deploy.0 = Debug|iPhoneSimulator
		{C0CB6006-4A8B-4B8E-B219-C6FD7E347106}.Release|Any CPU.ActiveCfg = Release|iPhoneSimulator
		{C0CB6006-4A8B-4B8E-B219-C6FD7E347106}.Release|Any CPU.Build.0 = Release|iPhoneSimulator
		{C0CB6006-4A8B-4B8E-B219-C6FD7E347106}.Release|Any CPU.Deploy.0 = Release|iPhoneSimulator
		{C0CB6006-4A8B-4B8E-B219-C6FD7E347106}.Release|iPhone.ActiveCfg = Release|iPhone
		{C0CB6006-4A8B-4B8E-B219-C6FD7E347106}.Release|iPhone.Build.0 = Release|iPhone
		{C0CB6006-4A8B-4B8E-B219-C6FD7E347106}.Release|iPhone.Deploy.0 = Release|iPhone
		{C0CB6006-4A8B-4B8E-B219-C6FD7E347106}.Release|iPhoneSimulator.ActiveCfg = Release|iPhoneSimulator
		{C0CB6006-4A8B-4B8E-B219-C6FD7E347106}.Release|iPhoneSimulator.Build.0 = Release|iPhoneSimulator
		{C0CB6006-4A8B-4B8E-B219-C6FD7E347106}.Release|iPhoneSimulator.Deploy.0 = Release|iPhoneSimulator
		{E1028372-4D24-4845-87E0-974DE208416F}.Debug|Any CPU.ActiveCfg = Debug|Any CPU
		{E1028372-4D24-4845-87E0-974DE208416F}.Debug|Any CPU.Build.0 = Debug|Any CPU
		{E1028372-4D24-4845-87E0-974DE208416F}.Debug|Any CPU.Deploy.0 = Debug|Any CPU
		{E1028372-4D24-4845-87E0-974DE208416F}.Debug|iPhone.ActiveCfg = Debug|Any CPU
		{E1028372-4D24-4845-87E0-974DE208416F}.Debug|iPhone.Build.0 = Debug|Any CPU
		{E1028372-4D24-4845-87E0-974DE208416F}.Debug|iPhone.Deploy.0 = Debug|Any CPU
		{E1028372-4D24-4845-87E0-974DE208416F}.Debug|iPhoneSimulator.ActiveCfg = Debug|Any CPU
		{E1028372-4D24-4845-87E0-974DE208416F}.Debug|iPhoneSimulator.Build.0 = Debug|Any CPU
		{E1028372-4D24-4845-87E0-974DE208416F}.Debug|iPhoneSimulator.Deploy.0 = Debug|Any CPU
		{E1028372-4D24-4845-87E0-974DE208416F}.Release|Any CPU.ActiveCfg = Release|Any CPU
		{E1028372-4D24-4845-87E0-974DE208416F}.Release|Any CPU.Build.0 = Release|Any CPU
		{E1028372-4D24-4845-87E0-974DE208416F}.Release|Any CPU.Deploy.0 = Release|Any CPU
		{E1028372-4D24-4845-87E0-974DE208416F}.Release|iPhone.ActiveCfg = Release|Any CPU
		{E1028372-4D24-4845-87E0-974DE208416F}.Release|iPhone.Build.0 = Release|Any CPU
		{E1028372-4D24-4845-87E0-974DE208416F}.Release|iPhone.Deploy.0 = Release|Any CPU
		{E1028372-4D24-4845-87E0-974DE208416F}.Release|iPhoneSimulator.ActiveCfg = Release|Any CPU
		{E1028372-4D24-4845-87E0-974DE208416F}.Release|iPhoneSimulator.Build.0 = Release|Any CPU
		{E1028372-4D24-4845-87E0-974DE208416F}.Release|iPhoneSimulator.Deploy.0 = Release|Any CPU
	EndGlobalSection
	GlobalSection(SolutionProperties) = preSolution
		HideSolutionNode = FALSE
	EndGlobalSection
	GlobalSection(ExtensibilityGlobals) = postSolution
		SolutionGuid = {4505AF7E-0990-4A52-8CA5-5930B3853BAD}
	EndGlobalSection
EndGlobal
